
Microsoft Visual Studio Solution File, Format Version 12.00
# Visual Studio Version 17
VisualStudioVersion = 17.4.33403.182
MinimumVisualStudioVersion = 10.0.40219.1
Project("{8BC9CEB8-8B4A-11D0-8D11-00A0C91BC942}") = "1", "1\1.vcxproj", "{DC72B3B2-ABDD-44FA-B048-8BC87D326634}"
EndProject
Project("{8BC9CEB8-8B4A-11D0-8D11-00A0C91BC942}") = "2", "2\2.vcxproj", "{C44ADF5A-C64D-496E-8576-83FB5E1BAB9D}"
EndProject
Project("{8BC9CEB8-8B4A-11D0-8D11-00A0C91BC942}") = "3", "3\3.vcxproj", "{F72DB397-FFD0-4E37-9B8B-8BA408A404AA}"
EndProject
Project("{8BC9CEB8-8B4A-11D0-8D11-00A0C91BC942}") = "4", "4\4.vcxproj", "{69F65CCA-F53B-4C59-9798-D6AEF30B1CB4}"
EndProject
Project("{8BC9CEB8-8B4A-11D0-8D11-00A0C91BC942}") = "9", "9\9.vcxproj", "{B0C9EEFD-2B4B-4E42-8516-98DDB782C038}"
EndProject
Project("{8BC9CEB8-8B4A-11D0-8D11-00A0C91BC942}") = "10", "10\10.vcxproj", "{EAB032A3-0FA2-4A77-8581-7B14FA143C20}"
EndProject
Project("{8BC9CEB8-8B4A-11D0-8D11-00A0C91BC942}") = "11", "11\11.vcxproj", "{14210A3B-4079-463B-AA9C-617F25CE937E}"
EndProject
Project("{8BC9CEB8-8B4A-11D0-8D11-00A0C91BC942}") = "template", "template\template.vcxproj", "{62137150-3178-4592-B08C-06453B6A32EC}"
EndProject
Project("{8BC9CEB8-8B4A-11D0-8D11-00A0C91BC942}") = "12", "12\12.vcxproj", "{B485A719-5842-422C-8DA7-35F2B21F6B05}"
EndProject
Project("{8BC9CEB8-8B4A-11D0-8D11-00A0C91BC942}") = "13", "13\13.vcxproj", "{CB942CD3-852E-4A3D-AC36-A654F21E10FB}"
EndProject
Project("{8BC9CEB8-8B4A-11D0-8D11-00A0C91BC942}") = "14", "14\14.vcxproj", "{2020CD73-1273-42C9-944E-BE3A9FCB1212}"
EndProject
Project("{8BC9CEB8-8B4A-11D0-8D11-00A0C91BC942}") = "15", "15\15.vcxproj", "{F39B6A76-08E5-4992-A43A-85C045E05793}"
EndProject
Project("{8BC9CEB8-8B4A-11D0-8D11-00A0C91BC942}") = "16", "16\16.vcxproj", "{1FFC78E5-620C-4DCC-9A1C-D8C2F9AC3FD6}"
EndProject
Project("{2150E333-8FDC-42A3-9474-1A3956D46DE8}") = "ソリューション項目", "ソリューション項目", "{EE82FB96-A56E-45FE-8E0A-024D9BC3C61D}"
	ProjectSection(SolutionItems) = preProject
		考えたこと.txt = 考えたこと.txt
	EndProjectSection
EndProject
Project("{8BC9CEB8-8B4A-11D0-8D11-00A0C91BC942}") = "17", "17\17.vcxproj", "{B195FFB2-52C2-4F5E-92EB-31F3A7EB1A95}"
EndProject
Project("{8BC9CEB8-8B4A-11D0-8D11-00A0C91BC942}") = "順列全探索テンプレート", "順列全探索テンプレート\順列全探索テンプレート.vcxproj", "{766DDA64-7858-4E23-AC33-D76C47809F45}"
EndProject
Project("{8BC9CEB8-8B4A-11D0-8D11-00A0C91BC942}") = "18", "18\18.vcxproj", "{068A0D44-D3B8-4F49-8A81-4D7C1A4BF320}"
EndProject
Project("{8BC9CEB8-8B4A-11D0-8D11-00A0C91BC942}") = "二分探索テンプレート", "二分探索テンプレート\二分探索テンプレート.vcxproj", "{7EF47AD1-7528-4435-9615-00C85C8DC3BB}"
EndProject
Project("{8BC9CEB8-8B4A-11D0-8D11-00A0C91BC942}") = "計算量計算", "計算量計算\計算量計算.vcxproj", "{69D6DEB1-DA52-4A12-9EAB-3C8A700AE067}"
EndProject
Project("{8BC9CEB8-8B4A-11D0-8D11-00A0C91BC942}") = "19", "19\19.vcxproj", "{5D7FE007-7F7A-4CA0-A402-E3FF7782DB42}"
EndProject
Project("{8BC9CEB8-8B4A-11D0-8D11-00A0C91BC942}") = "20", "20\20.vcxproj", "{3334B151-BDE5-4005-9EF9-74392E0E9159}"
EndProject
Project("{8BC9CEB8-8B4A-11D0-8D11-00A0C91BC942}") = "21", "21\21.vcxproj", "{1BFBBC3F-CF91-4C1D-AED0-88970FA9E9CA}"
EndProject
Project("{8BC9CEB8-8B4A-11D0-8D11-00A0C91BC942}") = "22", "22\22.vcxproj", "{F449CDE7-DC75-4E5E-B0C5-62C362C29A32}"
EndProject
Project("{8BC9CEB8-8B4A-11D0-8D11-00A0C91BC942}") = "23", "23\23.vcxproj", "{73CAA913-DE44-44EE-9B6D-36D627BBEE46}"
EndProject
Project("{8BC9CEB8-8B4A-11D0-8D11-00A0C91BC942}") = "深さ優先探索", "深さ優先探索\深さ優先探索.vcxproj", "{AD95C06A-8B09-4D84-9B81-7C5F2FE37AB5}"
EndProject
Global
	GlobalSection(SolutionConfigurationPlatforms) = preSolution
		Debug|x64 = Debug|x64
		Debug|x86 = Debug|x86
		Release|x64 = Release|x64
		Release|x86 = Release|x86
	EndGlobalSection
	GlobalSection(ProjectConfigurationPlatforms) = postSolution
		{DC72B3B2-ABDD-44FA-B048-8BC87D326634}.Debug|x64.ActiveCfg = Debug|x64
		{DC72B3B2-ABDD-44FA-B048-8BC87D326634}.Debug|x64.Build.0 = Debug|x64
		{DC72B3B2-ABDD-44FA-B048-8BC87D326634}.Debug|x86.ActiveCfg = Debug|Win32
		{DC72B3B2-ABDD-44FA-B048-8BC87D326634}.Debug|x86.Build.0 = Debug|Win32
		{DC72B3B2-ABDD-44FA-B048-8BC87D326634}.Release|x64.ActiveCfg = Release|x64
		{DC72B3B2-ABDD-44FA-B048-8BC87D326634}.Release|x64.Build.0 = Release|x64
		{DC72B3B2-ABDD-44FA-B048-8BC87D326634}.Release|x86.ActiveCfg = Release|Win32
		{DC72B3B2-ABDD-44FA-B048-8BC87D326634}.Release|x86.Build.0 = Release|Win32
		{C44ADF5A-C64D-496E-8576-83FB5E1BAB9D}.Debug|x64.ActiveCfg = Debug|x64
		{C44ADF5A-C64D-496E-8576-83FB5E1BAB9D}.Debug|x64.Build.0 = Debug|x64
		{C44ADF5A-C64D-496E-8576-83FB5E1BAB9D}.Debug|x86.ActiveCfg = Debug|Win32
		{C44ADF5A-C64D-496E-8576-83FB5E1BAB9D}.Debug|x86.Build.0 = Debug|Win32
		{C44ADF5A-C64D-496E-8576-83FB5E1BAB9D}.Release|x64.ActiveCfg = Release|x64
		{C44ADF5A-C64D-496E-8576-83FB5E1BAB9D}.Release|x64.Build.0 = Release|x64
		{C44ADF5A-C64D-496E-8576-83FB5E1BAB9D}.Release|x86.ActiveCfg = Release|Win32
		{C44ADF5A-C64D-496E-8576-83FB5E1BAB9D}.Release|x86.Build.0 = Release|Win32
		{F72DB397-FFD0-4E37-9B8B-8BA408A404AA}.Debug|x64.ActiveCfg = Debug|x64
		{F72DB397-FFD0-4E37-9B8B-8BA408A404AA}.Debug|x64.Build.0 = Debug|x64
		{F72DB397-FFD0-4E37-9B8B-8BA408A404AA}.Debug|x86.ActiveCfg = Debug|Win32
		{F72DB397-FFD0-4E37-9B8B-8BA408A404AA}.Debug|x86.Build.0 = Debug|Win32
		{F72DB397-FFD0-4E37-9B8B-8BA408A404AA}.Release|x64.ActiveCfg = Release|x64
		{F72DB397-FFD0-4E37-9B8B-8BA408A404AA}.Release|x64.Build.0 = Release|x64
		{F72DB397-FFD0-4E37-9B8B-8BA408A404AA}.Release|x86.ActiveCfg = Release|Win32
		{F72DB397-FFD0-4E37-9B8B-8BA408A404AA}.Release|x86.Build.0 = Release|Win32
		{69F65CCA-F53B-4C59-9798-D6AEF30B1CB4}.Debug|x64.ActiveCfg = Debug|x64
		{69F65CCA-F53B-4C59-9798-D6AEF30B1CB4}.Debug|x64.Build.0 = Debug|x64
		{69F65CCA-F53B-4C59-9798-D6AEF30B1CB4}.Debug|x86.ActiveCfg = Debug|Win32
		{69F65CCA-F53B-4C59-9798-D6AEF30B1CB4}.Debug|x86.Build.0 = Debug|Win32
		{69F65CCA-F53B-4C59-9798-D6AEF30B1CB4}.Release|x64.ActiveCfg = Release|x64
		{69F65CCA-F53B-4C59-9798-D6AEF30B1CB4}.Release|x64.Build.0 = Release|x64
		{69F65CCA-F53B-4C59-9798-D6AEF30B1CB4}.Release|x86.ActiveCfg = Release|Win32
		{69F65CCA-F53B-4C59-9798-D6AEF30B1CB4}.Release|x86.Build.0 = Release|Win32
		{B0C9EEFD-2B4B-4E42-8516-98DDB782C038}.Debug|x64.ActiveCfg = Debug|x64
		{B0C9EEFD-2B4B-4E42-8516-98DDB782C038}.Debug|x64.Build.0 = Debug|x64
		{B0C9EEFD-2B4B-4E42-8516-98DDB782C038}.Debug|x86.ActiveCfg = Debug|Win32
		{B0C9EEFD-2B4B-4E42-8516-98DDB782C038}.Debug|x86.Build.0 = Debug|Win32
		{B0C9EEFD-2B4B-4E42-8516-98DDB782C038}.Release|x64.ActiveCfg = Release|x64
		{B0C9EEFD-2B4B-4E42-8516-98DDB782C038}.Release|x64.Build.0 = Release|x64
		{B0C9EEFD-2B4B-4E42-8516-98DDB782C038}.Release|x86.ActiveCfg = Release|Win32
		{B0C9EEFD-2B4B-4E42-8516-98DDB782C038}.Release|x86.Build.0 = Release|Win32
		{EAB032A3-0FA2-4A77-8581-7B14FA143C20}.Debug|x64.ActiveCfg = Debug|x64
		{EAB032A3-0FA2-4A77-8581-7B14FA143C20}.Debug|x64.Build.0 = Debug|x64
		{EAB032A3-0FA2-4A77-8581-7B14FA143C20}.Debug|x86.ActiveCfg = Debug|Win32
		{EAB032A3-0FA2-4A77-8581-7B14FA143C20}.Debug|x86.Build.0 = Debug|Win32
		{EAB032A3-0FA2-4A77-8581-7B14FA143C20}.Release|x64.ActiveCfg = Release|x64
		{EAB032A3-0FA2-4A77-8581-7B14FA143C20}.Release|x64.Build.0 = Release|x64
		{EAB032A3-0FA2-4A77-8581-7B14FA143C20}.Release|x86.ActiveCfg = Release|Win32
		{EAB032A3-0FA2-4A77-8581-7B14FA143C20}.Release|x86.Build.0 = Release|Win32
		{14210A3B-4079-463B-AA9C-617F25CE937E}.Debug|x64.ActiveCfg = Debug|x64
		{14210A3B-4079-463B-AA9C-617F25CE937E}.Debug|x64.Build.0 = Debug|x64
		{14210A3B-4079-463B-AA9C-617F25CE937E}.Debug|x86.ActiveCfg = Debug|Win32
		{14210A3B-4079-463B-AA9C-617F25CE937E}.Debug|x86.Build.0 = Debug|Win32
		{14210A3B-4079-463B-AA9C-617F25CE937E}.Release|x64.ActiveCfg = Release|x64
		{14210A3B-4079-463B-AA9C-617F25CE937E}.Release|x64.Build.0 = Release|x64
		{14210A3B-4079-463B-AA9C-617F25CE937E}.Release|x86.ActiveCfg = Release|Win32
		{14210A3B-4079-463B-AA9C-617F25CE937E}.Release|x86.Build.0 = Release|Win32
		{62137150-3178-4592-B08C-06453B6A32EC}.Debug|x64.ActiveCfg = Debug|x64
		{62137150-3178-4592-B08C-06453B6A32EC}.Debug|x64.Build.0 = Debug|x64
		{62137150-3178-4592-B08C-06453B6A32EC}.Debug|x86.ActiveCfg = Debug|Win32
		{62137150-3178-4592-B08C-06453B6A32EC}.Debug|x86.Build.0 = Debug|Win32
		{62137150-3178-4592-B08C-06453B6A32EC}.Release|x64.ActiveCfg = Release|x64
		{62137150-3178-4592-B08C-06453B6A32EC}.Release|x64.Build.0 = Release|x64
		{62137150-3178-4592-B08C-06453B6A32EC}.Release|x86.ActiveCfg = Release|Win32
		{62137150-3178-4592-B08C-06453B6A32EC}.Release|x86.Build.0 = Release|Win32
		{B485A719-5842-422C-8DA7-35F2B21F6B05}.Debug|x64.ActiveCfg = Debug|x64
		{B485A719-5842-422C-8DA7-35F2B21F6B05}.Debug|x64.Build.0 = Debug|x64
		{B485A719-5842-422C-8DA7-35F2B21F6B05}.Debug|x86.ActiveCfg = Debug|Win32
		{B485A719-5842-422C-8DA7-35F2B21F6B05}.Debug|x86.Build.0 = Debug|Win32
		{B485A719-5842-422C-8DA7-35F2B21F6B05}.Release|x64.ActiveCfg = Release|x64
		{B485A719-5842-422C-8DA7-35F2B21F6B05}.Release|x64.Build.0 = Release|x64
		{B485A719-5842-422C-8DA7-35F2B21F6B05}.Release|x86.ActiveCfg = Release|Win32
		{B485A719-5842-422C-8DA7-35F2B21F6B05}.Release|x86.Build.0 = Release|Win32
		{CB942CD3-852E-4A3D-AC36-A654F21E10FB}.Debug|x64.ActiveCfg = Debug|x64
		{CB942CD3-852E-4A3D-AC36-A654F21E10FB}.Debug|x64.Build.0 = Debug|x64
		{CB942CD3-852E-4A3D-AC36-A654F21E10FB}.Debug|x86.ActiveCfg = Debug|Win32
		{CB942CD3-852E-4A3D-AC36-A654F21E10FB}.Debug|x86.Build.0 = Debug|Win32
		{CB942CD3-852E-4A3D-AC36-A654F21E10FB}.Release|x64.ActiveCfg = Release|x64
		{CB942CD3-852E-4A3D-AC36-A654F21E10FB}.Release|x64.Build.0 = Release|x64
		{CB942CD3-852E-4A3D-AC36-A654F21E10FB}.Release|x86.ActiveCfg = Release|Win32
		{CB942CD3-852E-4A3D-AC36-A654F21E10FB}.Release|x86.Build.0 = Release|Win32
		{2020CD73-1273-42C9-944E-BE3A9FCB1212}.Debug|x64.ActiveCfg = Debug|x64
		{2020CD73-1273-42C9-944E-BE3A9FCB1212}.Debug|x64.Build.0 = Debug|x64
		{2020CD73-1273-42C9-944E-BE3A9FCB1212}.Debug|x86.ActiveCfg = Debug|Win32
		{2020CD73-1273-42C9-944E-BE3A9FCB1212}.Debug|x86.Build.0 = Debug|Win32
		{2020CD73-1273-42C9-944E-BE3A9FCB1212}.Release|x64.ActiveCfg = Release|x64
		{2020CD73-1273-42C9-944E-BE3A9FCB1212}.Release|x64.Build.0 = Release|x64
		{2020CD73-1273-42C9-944E-BE3A9FCB1212}.Release|x86.ActiveCfg = Release|Win32
		{2020CD73-1273-42C9-944E-BE3A9FCB1212}.Release|x86.Build.0 = Release|Win32
		{F39B6A76-08E5-4992-A43A-85C045E05793}.Debug|x64.ActiveCfg = Debug|x64
		{F39B6A76-08E5-4992-A43A-85C045E05793}.Debug|x64.Build.0 = Debug|x64
		{F39B6A76-08E5-4992-A43A-85C045E05793}.Debug|x86.ActiveCfg = Debug|Win32
		{F39B6A76-08E5-4992-A43A-85C045E05793}.Debug|x86.Build.0 = Debug|Win32
		{F39B6A76-08E5-4992-A43A-85C045E05793}.Release|x64.ActiveCfg = Release|x64
		{F39B6A76-08E5-4992-A43A-85C045E05793}.Release|x64.Build.0 = Release|x64
		{F39B6A76-08E5-4992-A43A-85C045E05793}.Release|x86.ActiveCfg = Release|Win32
		{F39B6A76-08E5-4992-A43A-85C045E05793}.Release|x86.Build.0 = Release|Win32
		{1FFC78E5-620C-4DCC-9A1C-D8C2F9AC3FD6}.Debug|x64.ActiveCfg = Debug|x64
		{1FFC78E5-620C-4DCC-9A1C-D8C2F9AC3FD6}.Debug|x64.Build.0 = Debug|x64
		{1FFC78E5-620C-4DCC-9A1C-D8C2F9AC3FD6}.Debug|x86.ActiveCfg = Debug|Win32
		{1FFC78E5-620C-4DCC-9A1C-D8C2F9AC3FD6}.Debug|x86.Build.0 = Debug|Win32
		{1FFC78E5-620C-4DCC-9A1C-D8C2F9AC3FD6}.Release|x64.ActiveCfg = Release|x64
		{1FFC78E5-620C-4DCC-9A1C-D8C2F9AC3FD6}.Release|x64.Build.0 = Release|x64
		{1FFC78E5-620C-4DCC-9A1C-D8C2F9AC3FD6}.Release|x86.ActiveCfg = Release|Win32
		{1FFC78E5-620C-4DCC-9A1C-D8C2F9AC3FD6}.Release|x86.Build.0 = Release|Win32
		{B195FFB2-52C2-4F5E-92EB-31F3A7EB1A95}.Debug|x64.ActiveCfg = Debug|x64
		{B195FFB2-52C2-4F5E-92EB-31F3A7EB1A95}.Debug|x64.Build.0 = Debug|x64
		{B195FFB2-52C2-4F5E-92EB-31F3A7EB1A95}.Debug|x86.ActiveCfg = Debug|Win32
		{B195FFB2-52C2-4F5E-92EB-31F3A7EB1A95}.Debug|x86.Build.0 = Debug|Win32
		{B195FFB2-52C2-4F5E-92EB-31F3A7EB1A95}.Release|x64.ActiveCfg = Release|x64
		{B195FFB2-52C2-4F5E-92EB-31F3A7EB1A95}.Release|x64.Build.0 = Release|x64
		{B195FFB2-52C2-4F5E-92EB-31F3A7EB1A95}.Release|x86.ActiveCfg = Release|Win32
		{B195FFB2-52C2-4F5E-92EB-31F3A7EB1A95}.Release|x86.Build.0 = Release|Win32
		{766DDA64-7858-4E23-AC33-D76C47809F45}.Debug|x64.ActiveCfg = Debug|x64
		{766DDA64-7858-4E23-AC33-D76C47809F45}.Debug|x64.Build.0 = Debug|x64
		{766DDA64-7858-4E23-AC33-D76C47809F45}.Debug|x86.ActiveCfg = Debug|Win32
		{766DDA64-7858-4E23-AC33-D76C47809F45}.Debug|x86.Build.0 = Debug|Win32
		{766DDA64-7858-4E23-AC33-D76C47809F45}.Release|x64.ActiveCfg = Release|x64
		{766DDA64-7858-4E23-AC33-D76C47809F45}.Release|x64.Build.0 = Release|x64
		{766DDA64-7858-4E23-AC33-D76C47809F45}.Release|x86.ActiveCfg = Release|Win32
		{766DDA64-7858-4E23-AC33-D76C47809F45}.Release|x86.Build.0 = Release|Win32
		{068A0D44-D3B8-4F49-8A81-4D7C1A4BF320}.Debug|x64.ActiveCfg = Debug|x64
		{068A0D44-D3B8-4F49-8A81-4D7C1A4BF320}.Debug|x64.Build.0 = Debug|x64
		{068A0D44-D3B8-4F49-8A81-4D7C1A4BF320}.Debug|x86.ActiveCfg = Debug|Win32
		{068A0D44-D3B8-4F49-8A81-4D7C1A4BF320}.Debug|x86.Build.0 = Debug|Win32
		{068A0D44-D3B8-4F49-8A81-4D7C1A4BF320}.Release|x64.ActiveCfg = Release|x64
		{068A0D44-D3B8-4F49-8A81-4D7C1A4BF320}.Release|x64.Build.0 = Release|x64
		{068A0D44-D3B8-4F49-8A81-4D7C1A4BF320}.Release|x86.ActiveCfg = Release|Win32
		{068A0D44-D3B8-4F49-8A81-4D7C1A4BF320}.Release|x86.Build.0 = Release|Win32
		{7EF47AD1-7528-4435-9615-00C85C8DC3BB}.Debug|x64.ActiveCfg = Debug|x64
		{7EF47AD1-7528-4435-9615-00C85C8DC3BB}.Debug|x64.Build.0 = Debug|x64
		{7EF47AD1-7528-4435-9615-00C85C8DC3BB}.Debug|x86.ActiveCfg = Debug|Win32
		{7EF47AD1-7528-4435-9615-00C85C8DC3BB}.Debug|x86.Build.0 = Debug|Win32
		{7EF47AD1-7528-4435-9615-00C85C8DC3BB}.Release|x64.ActiveCfg = Release|x64
		{7EF47AD1-7528-4435-9615-00C85C8DC3BB}.Release|x64.Build.0 = Release|x64
		{7EF47AD1-7528-4435-9615-00C85C8DC3BB}.Release|x86.ActiveCfg = Release|Win32
		{7EF47AD1-7528-4435-9615-00C85C8DC3BB}.Release|x86.Build.0 = Release|Win32
		{69D6DEB1-DA52-4A12-9EAB-3C8A700AE067}.Debug|x64.ActiveCfg = Debug|x64
		{69D6DEB1-DA52-4A12-9EAB-3C8A700AE067}.Debug|x64.Build.0 = Debug|x64
		{69D6DEB1-DA52-4A12-9EAB-3C8A700AE067}.Debug|x86.ActiveCfg = Debug|Win32
		{69D6DEB1-DA52-4A12-9EAB-3C8A700AE067}.Debug|x86.Build.0 = Debug|Win32
		{69D6DEB1-DA52-4A12-9EAB-3C8A700AE067}.Release|x64.ActiveCfg = Release|x64
		{69D6DEB1-DA52-4A12-9EAB-3C8A700AE067}.Release|x64.Build.0 = Release|x64
		{69D6DEB1-DA52-4A12-9EAB-3C8A700AE067}.Release|x86.ActiveCfg = Release|Win32
		{69D6DEB1-DA52-4A12-9EAB-3C8A700AE067}.Release|x86.Build.0 = Release|Win32
		{5D7FE007-7F7A-4CA0-A402-E3FF7782DB42}.Debug|x64.ActiveCfg = Debug|x64
		{5D7FE007-7F7A-4CA0-A402-E3FF7782DB42}.Debug|x64.Build.0 = Debug|x64
		{5D7FE007-7F7A-4CA0-A402-E3FF7782DB42}.Debug|x86.ActiveCfg = Debug|Win32
		{5D7FE007-7F7A-4CA0-A402-E3FF7782DB42}.Debug|x86.Build.0 = Debug|Win32
		{5D7FE007-7F7A-4CA0-A402-E3FF7782DB42}.Release|x64.ActiveCfg = Release|x64
		{5D7FE007-7F7A-4CA0-A402-E3FF7782DB42}.Release|x64.Build.0 = Release|x64
		{5D7FE007-7F7A-4CA0-A402-E3FF7782DB42}.Release|x86.ActiveCfg = Release|Win32
		{5D7FE007-7F7A-4CA0-A402-E3FF7782DB42}.Release|x86.Build.0 = Release|Win32
		{3334B151-BDE5-4005-9EF9-74392E0E9159}.Debug|x64.ActiveCfg = Debug|x64
		{3334B151-BDE5-4005-9EF9-74392E0E9159}.Debug|x64.Build.0 = Debug|x64
		{3334B151-BDE5-4005-9EF9-74392E0E9159}.Debug|x86.ActiveCfg = Debug|Win32
		{3334B151-BDE5-4005-9EF9-74392E0E9159}.Debug|x86.Build.0 = Debug|Win32
		{3334B151-BDE5-4005-9EF9-74392E0E9159}.Release|x64.ActiveCfg = Release|x64
		{3334B151-BDE5-4005-9EF9-74392E0E9159}.Release|x64.Build.0 = Release|x64
		{3334B151-BDE5-4005-9EF9-74392E0E9159}.Release|x86.ActiveCfg = Release|Win32
		{3334B151-BDE5-4005-9EF9-74392E0E9159}.Release|x86.Build.0 = Release|Win32
		{1BFBBC3F-CF91-4C1D-AED0-88970FA9E9CA}.Debug|x64.ActiveCfg = Debug|x64
		{1BFBBC3F-CF91-4C1D-AED0-88970FA9E9CA}.Debug|x64.Build.0 = Debug|x64
		{1BFBBC3F-CF91-4C1D-AED0-88970FA9E9CA}.Debug|x86.ActiveCfg = Debug|Win32
		{1BFBBC3F-CF91-4C1D-AED0-88970FA9E9CA}.Debug|x86.Build.0 = Debug|Win32
		{1BFBBC3F-CF91-4C1D-AED0-88970FA9E9CA}.Release|x64.ActiveCfg = Release|x64
		{1BFBBC3F-CF91-4C1D-AED0-88970FA9E9CA}.Release|x64.Build.0 = Release|x64
		{1BFBBC3F-CF91-4C1D-AED0-88970FA9E9CA}.Release|x86.ActiveCfg = Release|Win32
		{1BFBBC3F-CF91-4C1D-AED0-88970FA9E9CA}.Release|x86.Build.0 = Release|Win32
		{F449CDE7-DC75-4E5E-B0C5-62C362C29A32}.Debug|x64.ActiveCfg = Debug|x64
		{F449CDE7-DC75-4E5E-B0C5-62C362C29A32}.Debug|x64.Build.0 = Debug|x64
		{F449CDE7-DC75-4E5E-B0C5-62C362C29A32}.Debug|x86.ActiveCfg = Debug|Win32
		{F449CDE7-DC75-4E5E-B0C5-62C362C29A32}.Debug|x86.Build.0 = Debug|Win32
		{F449CDE7-DC75-4E5E-B0C5-62C362C29A32}.Release|x64.ActiveCfg = Release|x64
		{F449CDE7-DC75-4E5E-B0C5-62C362C29A32}.Release|x64.Build.0 = Release|x64
		{F449CDE7-DC75-4E5E-B0C5-62C362C29A32}.Release|x86.ActiveCfg = Release|Win32
		{F449CDE7-DC75-4E5E-B0C5-62C362C29A32}.Release|x86.Build.0 = Release|Win32
		{73CAA913-DE44-44EE-9B6D-36D627BBEE46}.Debug|x64.ActiveCfg = Debug|x64
		{73CAA913-DE44-44EE-9B6D-36D627BBEE46}.Debug|x64.Build.0 = Debug|x64
		{73CAA913-DE44-44EE-9B6D-36D627BBEE46}.Debug|x86.ActiveCfg = Debug|Win32
		{73CAA913-DE44-44EE-9B6D-36D627BBEE46}.Debug|x86.Build.0 = Debug|Win32
		{73CAA913-DE44-44EE-9B6D-36D627BBEE46}.Release|x64.ActiveCfg = Release|x64
		{73CAA913-DE44-44EE-9B6D-36D627BBEE46}.Release|x64.Build.0 = Release|x64
		{73CAA913-DE44-44EE-9B6D-36D627BBEE46}.Release|x86.ActiveCfg = Release|Win32
		{73CAA913-DE44-44EE-9B6D-36D627BBEE46}.Release|x86.Build.0 = Release|Win32
		{AD95C06A-8B09-4D84-9B81-7C5F2FE37AB5}.Debug|x64.ActiveCfg = Debug|x64
		{AD95C06A-8B09-4D84-9B81-7C5F2FE37AB5}.Debug|x64.Build.0 = Debug|x64
		{AD95C06A-8B09-4D84-9B81-7C5F2FE37AB5}.Debug|x86.ActiveCfg = Debug|Win32
		{AD95C06A-8B09-4D84-9B81-7C5F2FE37AB5}.Debug|x86.Build.0 = Debug|Win32
		{AD95C06A-8B09-4D84-9B81-7C5F2FE37AB5}.Release|x64.ActiveCfg = Release|x64
		{AD95C06A-8B09-4D84-9B81-7C5F2FE37AB5}.Release|x64.Build.0 = Release|x64
		{AD95C06A-8B09-4D84-9B81-7C5F2FE37AB5}.Release|x86.ActiveCfg = Release|Win32
		{AD95C06A-8B09-4D84-9B81-7C5F2FE37AB5}.Release|x86.Build.0 = Release|Win32
	EndGlobalSection
	GlobalSection(SolutionProperties) = preSolution
		HideSolutionNode = FALSE
	EndGlobalSection
	GlobalSection(ExtensibilityGlobals) = postSolution
		SolutionGuid = {F9169C5B-47A0-4C15-82D3-A7561556B116}
	EndGlobalSection
EndGlobal
